
Microsoft Visual Studio Solution File, Format Version 12.00
# Visual Studio Version 17
VisualStudioVersion = 17.9.34902.65
MinimumVisualStudioVersion = 10.0.40219.1
Project("{8BC9CEB8-8B4A-11D0-8D11-00A0C91BC942}") = "COLOUR DECTECTION", "COLOUR DECTECTION\COLOUR DECTECTION.vcxproj", "{9C9D8905-985E-4265-BCD4-365EC2ACF3DE}"
EndProject
Global
	GlobalSection(SolutionConfigurationPlatforms) = preSolution
		Debug|x64 = Debug|x64
		Debug|x86 = Debug|x86
		Release|x64 = Release|x64
		Release|x86 = Release|x86
	EndGlobalSection
	GlobalSection(ProjectConfigurationPlatforms) = postSolution
		{9C9D8905-985E-4265-BCD4-365EC2ACF3DE}.Debug|x64.ActiveCfg = Debug|x64
		{9C9D8905-985E-4265-BCD4-365EC2ACF3DE}.Debug|x64.Build.0 = Debug|x64
		{9C9D8905-985E-4265-BCD4-365EC2ACF3DE}.Debug|x86.ActiveCfg = Debug|Win32
		{9C9D8905-985E-4265-BCD4-365EC2ACF3DE}.Debug|x86.Build.0 = Debug|Win32
		{9C9D8905-985E-4265-BCD4-365EC2ACF3DE}.Release|x64.ActiveCfg = Release|x64
		{9C9D8905-985E-4265-BCD4-365EC2ACF3DE}.Release|x64.Build.0 = Release|x64
		{9C9D8905-985E-4265-BCD4-365EC2ACF3DE}.Release|x86.ActiveCfg = Release|Win32
		{9C9D8905-985E-4265-BCD4-365EC2ACF3DE}.Release|x86.Build.0 = Release|Win32
	EndGlobalSection
	GlobalSection(SolutionProperties) = preSolution
		HideSolutionNode = FALSE
	EndGlobalSection
	GlobalSection(ExtensibilityGlobals) = postSolution
		SolutionGuid = {6B511E68-7B5D-49D0-9304-0B1BA3E39869}
	EndGlobalSection
EndGlobal
